
Microsoft Visual Studio Solution File, Format Version 12.00
# Visual Studio Version 17
VisualStudioVersion = 17.7.34202.233
MinimumVisualStudioVersion = 10.0.40219.1
Project("{9A19103F-16F7-4668-BE54-9A1E7A4F7556}") = "SFA.DAS.Payments.ServiceFabric.Core", "..\..\das-payments-V2-copy\src\SFA.DAS.Payments.ServiceFabric.Core\SFA.DAS.Payments.ServiceFabric.Core.csproj", "{04C1621C-F5FD-41FE-B5CD-424C4366F91F}"
EndProject
Project("{9A19103F-16F7-4668-BE54-9A1E7A4F7556}") = "SFA.DAS.Payments.ServiceFabric.Core.UnitTests", "..\..\das-payments-V2-copy\src\SFA.DAS.Payments.ServiceFabric.Core.UnitTests\SFA.DAS.Payments.ServiceFabric.Core.UnitTests.csproj", "{453AB876-FC1F-4E3F-BC24-579F3B0BD44A}"
EndProject
Global
	GlobalSection(SolutionConfigurationPlatforms) = preSolution
		Debug|Any CPU = Debug|Any CPU
		Release|Any CPU = Release|Any CPU
	EndGlobalSection
	GlobalSection(ProjectConfigurationPlatforms) = postSolution
		{04C1621C-F5FD-41FE-B5CD-424C4366F91F}.Debug|Any CPU.ActiveCfg = Debug|Any CPU
		{04C1621C-F5FD-41FE-B5CD-424C4366F91F}.Debug|Any CPU.Build.0 = Debug|Any CPU
		{04C1621C-F5FD-41FE-B5CD-424C4366F91F}.Release|Any CPU.ActiveCfg = Release|Any CPU
		{04C1621C-F5FD-41FE-B5CD-424C4366F91F}.Release|Any CPU.Build.0 = Release|Any CPU
		{453AB876-FC1F-4E3F-BC24-579F3B0BD44A}.Debug|Any CPU.ActiveCfg = Debug|Any CPU
		{453AB876-FC1F-4E3F-BC24-579F3B0BD44A}.Debug|Any CPU.Build.0 = Debug|Any CPU
		{453AB876-FC1F-4E3F-BC24-579F3B0BD44A}.Release|Any CPU.ActiveCfg = Release|Any CPU
		{453AB876-FC1F-4E3F-BC24-579F3B0BD44A}.Release|Any CPU.Build.0 = Release|Any CPU
	EndGlobalSection
	GlobalSection(SolutionProperties) = preSolution
		HideSolutionNode = FALSE
	EndGlobalSection
	GlobalSection(ExtensibilityGlobals) = postSolution
		SolutionGuid = {30F0D5B3-B0FB-4A74-9E00-A1D39635199D}
	EndGlobalSection
EndGlobal
